
Microsoft Visual Studio Solution File, Format Version 12.00
# Visual Studio Version 17
VisualStudioVersion = 17.5.33516.290
MinimumVisualStudioVersion = 10.0.40219.1
Project("{9A19103F-16F7-4668-BE54-9A1E7A4F7556}") = "ClipboardR.Core", "ClipboardR.Core\ClipboardR.Core.csproj", "{EF6857EB-C12A-4361-920E-C739B17E88FC}"
EndProject
Project("{9A19103F-16F7-4668-BE54-9A1E7A4F7556}") = "ClipboardR", "ClipboardR\ClipboardR.csproj", "{9F9450B0-3E7A-4633-9B99-45CFF5C509F1}"
EndProject
Project("{9A19103F-16F7-4668-BE54-9A1E7A4F7556}") = "ClipboardR.Panels", "ClipboardR.Panels\ClipboardR.Panels.csproj", "{DB894ED7-0905-4CAF-A529-CCF27B3C9410}"
EndProject
Project("{FAE04EC0-301F-11D3-BF4B-00C04F79EFBC}") = "ClipboardR.Core.Test", "ClipboardR.Core.Test\ClipboardR.Core.Test.csproj", "{1D2F05B7-1520-4D05-9B2A-0628B29C13AE}"
EndProject
Global
	GlobalSection(SolutionConfigurationPlatforms) = preSolution
		Debug|Any CPU = Debug|Any CPU
		Release|Any CPU = Release|Any CPU
	EndGlobalSection
	GlobalSection(ProjectConfigurationPlatforms) = postSolution
		{EF6857EB-C12A-4361-920E-C739B17E88FC}.Debug|Any CPU.ActiveCfg = Debug|Any CPU
		{EF6857EB-C12A-4361-920E-C739B17E88FC}.Debug|Any CPU.Build.0 = Debug|Any CPU
		{EF6857EB-C12A-4361-920E-C739B17E88FC}.Release|Any CPU.ActiveCfg = Release|Any CPU
		{EF6857EB-C12A-4361-920E-C739B17E88FC}.Release|Any CPU.Build.0 = Release|Any CPU
		{9F9450B0-3E7A-4633-9B99-45CFF5C509F1}.Debug|Any CPU.ActiveCfg = Debug|Any CPU
		{9F9450B0-3E7A-4633-9B99-45CFF5C509F1}.Debug|Any CPU.Build.0 = Debug|Any CPU
		{9F9450B0-3E7A-4633-9B99-45CFF5C509F1}.Release|Any CPU.ActiveCfg = Release|Any CPU
		{9F9450B0-3E7A-4633-9B99-45CFF5C509F1}.Release|Any CPU.Build.0 = Release|Any CPU
		{DB894ED7-0905-4CAF-A529-CCF27B3C9410}.Debug|Any CPU.ActiveCfg = Debug|Any CPU
		{DB894ED7-0905-4CAF-A529-CCF27B3C9410}.Debug|Any CPU.Build.0 = Debug|Any CPU
		{DB894ED7-0905-4CAF-A529-CCF27B3C9410}.Release|Any CPU.ActiveCfg = Release|Any CPU
		{DB894ED7-0905-4CAF-A529-CCF27B3C9410}.Release|Any CPU.Build.0 = Release|Any CPU
		{1D2F05B7-1520-4D05-9B2A-0628B29C13AE}.Debug|Any CPU.ActiveCfg = Debug|Any CPU
		{1D2F05B7-1520-4D05-9B2A-0628B29C13AE}.Debug|Any CPU.Build.0 = Debug|Any CPU
		{1D2F05B7-1520-4D05-9B2A-0628B29C13AE}.Release|Any CPU.ActiveCfg = Release|Any CPU
		{1D2F05B7-1520-4D05-9B2A-0628B29C13AE}.Release|Any CPU.Build.0 = Release|Any CPU
	EndGlobalSection
	GlobalSection(SolutionProperties) = preSolution
		HideSolutionNode = FALSE
	EndGlobalSection
	GlobalSection(ExtensibilityGlobals) = postSolution
		SolutionGuid = {192574BA-10FF-4AFE-884D-02E749BAE1F1}
	EndGlobalSection
EndGlobal
